
Microsoft Visual Studio Solution File, Format Version 12.00
# Visual Studio Version 16
VisualStudioVersion = 16.0.31321.278
MinimumVisualStudioVersion = 10.0.40219.1
Project("{FAE04EC0-301F-11D3-BF4B-00C04F79EFBC}") = "ExFilm", "ExFilm.csproj", "{96CA841A-2B85-4101-825F-39858DD658A4}"
EndProject
Global
	GlobalSection(SolutionConfigurationPlatforms) = preSolution
		Debug|Any CPU = Debug|Any CPU
		Release|Any CPU = Release|Any CPU
	EndGlobalSection
	GlobalSection(ProjectConfigurationPlatforms) = postSolution
		{96CA841A-2B85-4101-825F-39858DD658A4}.Debug|Any CPU.ActiveCfg = Debug|Any CPU
		{96CA841A-2B85-4101-825F-39858DD658A4}.Debug|Any CPU.Build.0 = Debug|Any CPU
		{96CA841A-2B85-4101-825F-39858DD658A4}.Release|Any CPU.ActiveCfg = Release|Any CPU
		{96CA841A-2B85-4101-825F-39858DD658A4}.Release|Any CPU.Build.0 = Release|Any CPU
	EndGlobalSection
	GlobalSection(SolutionProperties) = preSolution
		HideSolutionNode = FALSE
	EndGlobalSection
	GlobalSection(ExtensibilityGlobals) = postSolution
		SolutionGuid = {E59EECB4-5F6F-4524-B089-D65A04991C1D}
	EndGlobalSection
EndGlobal
